// !$*UTF8*$!
{
	archiveVersion = 1;
	classes = {
	};
	objectVersion = 56;
	objects = {

/* Begin PBXBuildFile section */
		8303F0322A6F7660002EC0B3 /* ChartsDemoApp.swift in Sources */ = {isa = PBXBuildFile; fileRef = 8303F0312A6F7660002EC0B3 /* ChartsDemoApp.swift */; };
		8303F0342A6F7660002EC0B3 /* ContentView.swift in Sources */ = {isa = PBXBuildFile; fileRef = 8303F0332A6F7660002EC0B3 /* ContentView.swift */; };
		8303F0362A6F7661002EC0B3 /* Assets.xcassets in Resources */ = {isa = PBXBuildFile; fileRef = 8303F0352A6F7661002EC0B3 /* Assets.xcassets */; };
		8303F0392A6F7661002EC0B3 /* Preview Assets.xcassets in Resources */ = {isa = PBXBuildFile; fileRef = 8303F0382A6F7661002EC0B3 /* Preview Assets.xcassets */; };
		8303F0402A6F7697002EC0B3 /* DataPoint.swift in Sources */ = {isa = PBXBuildFile; fileRef = 8303F03F2A6F7697002EC0B3 /* DataPoint.swift */; };
		DDDA74192A8E6FCD00CCC408 /* StaticChartView.swift in Sources */ = {isa = PBXBuildFile; fileRef = DDDA74182A8E6FCD00CCC408 /* StaticChartView.swift */; };
		DDDA741B2A8FC17F00CCC408 /* DynamicChartView.swift in Sources */ = {isa = PBXBuildFile; fileRef = DDDA741A2A8FC17F00CCC408 /* DynamicChartView.swift */; };
		DDDA741E2A90F6C100CCC408 /* PetData.swift in Sources */ = {isa = PBXBuildFile; fileRef = DDDA741D2A90F6C100CCC408 /* PetData.swift */; };
		DDDA74222A914C2600CCC408 /* PetStatisticsView.swift in Sources */ = {isa = PBXBuildFile; fileRef = DDDA74212A914C2600CCC408 /* PetStatisticsView.swift */; };
		DDDA74252A92AA9A00CCC408 /* BarChartView.swift in Sources */ = {isa = PBXBuildFile; fileRef = DDDA74242A92AA9A00CCC408 /* BarChartView.swift */; };
		DDDA74302A93FF9F00CCC408 /* LineChartView.swift in Sources */ = {isa = PBXBuildFile; fileRef = DDDA742F2A93FF9F00CCC408 /* LineChartView.swift */; };
		DDDA74322A9400BA00CCC408 /* PointChartView.swift in Sources */ = {isa = PBXBuildFile; fileRef = DDDA74312A9400BA00CCC408 /* PointChartView.swift */; };
		DDDA74342A94010C00CCC408 /* AreaChartView.swift in Sources */ = {isa = PBXBuildFile; fileRef = DDDA74332A94010C00CCC408 /* AreaChartView.swift */; };
/* End PBXBuildFile section */

/* Begin PBXFileReference section */
		8303F02E2A6F7660002EC0B3 /* ChartsDemo.app */ = {isa = PBXFileReference; explicitFileType = wrapper.application; includeInIndex = 0; path = ChartsDemo.app; sourceTree = BUILT_PRODUCTS_DIR; };
		8303F0312A6F7660002EC0B3 /* ChartsDemoApp.swift */ = {isa = PBXFileReference; lastKnownFileType = sourcecode.swift; path = ChartsDemoApp.swift; sourceTree = "<group>"; };
		8303F0332A6F7660002EC0B3 /* ContentView.swift */ = {isa = PBXFileReference; lastKnownFileType = sourcecode.swift; path = ContentView.swift; sourceTree = "<group>"; };
		8303F0352A6F7661002EC0B3 /* Assets.xcassets */ = {isa = PBXFileReference; lastKnownFileType = folder.assetcatalog; path = Assets.xcassets; sourceTree = "<group>"; };
		8303F0382A6F7661002EC0B3 /* Preview Assets.xcassets */ = {isa = PBXFileReference; lastKnownFileType = folder.assetcatalog; path = "Preview Assets.xcassets"; sourceTree = "<group>"; };
		8303F03F2A6F7697002EC0B3 /* DataPoint.swift */ = {isa = PBXFileReference; lastKnownFileType = sourcecode.swift; path = DataPoint.swift; sourceTree = "<group>"; };
		DDDA74182A8E6FCD00CCC408 /* StaticChartView.swift */ = {isa = PBXFileReference; lastKnownFileType = sourcecode.swift; path = StaticChartView.swift; sourceTree = "<group>"; };
		DDDA741A2A8FC17F00CCC408 /* DynamicChartView.swift */ = {isa = PBXFileReference; lastKnownFileType = sourcecode.swift; path = DynamicChartView.swift; sourceTree = "<group>"; };
		DDDA741D2A90F6C100CCC408 /* PetData.swift */ = {isa = PBXFileReference; lastKnownFileType = sourcecode.swift; path = PetData.swift; sourceTree = "<group>"; };
		DDDA74212A914C2600CCC408 /* PetStatisticsView.swift */ = {isa = PBXFileReference; lastKnownFileType = sourcecode.swift; path = PetStatisticsView.swift; sourceTree = "<group>"; };
		DDDA74242A92AA9A00CCC408 /* BarChartView.swift */ = {isa = PBXFileReference; lastKnownFileType = sourcecode.swift; path = BarChartView.swift; sourceTree = "<group>"; };
		DDDA742F2A93FF9F00CCC408 /* LineChartView.swift */ = {isa = PBXFileReference; lastKnownFileType = sourcecode.swift; path = LineChartView.swift; sourceTree = "<group>"; };
		DDDA74312A9400BA00CCC408 /* PointChartView.swift */ = {isa = PBXFileReference; lastKnownFileType = sourcecode.swift; path = PointChartView.swift; sourceTree = "<group>"; };
		DDDA74332A94010C00CCC408 /* AreaChartView.swift */ = {isa = PBXFileReference; lastKnownFileType = sourcecode.swift; path = AreaChartView.swift; sourceTree = "<group>"; };
/* End PBXFileReference section */

/* Begin PBXFrameworksBuildPhase section */
		8303F02B2A6F7660002EC0B3 /* Frameworks */ = {
			isa = PBXFrameworksBuildPhase;
			buildActionMask = 2147483647;
			files = (
			);
			runOnlyForDeploymentPostprocessing = 0;
		};
/* End PBXFrameworksBuildPhase section */

/* Begin PBXGroup section */
		8303F0252A6F7660002EC0B3 = {
			isa = PBXGroup;
			children = (
				8303F0302A6F7660002EC0B3 /* ChartsDemo */,
				8303F02F2A6F7660002EC0B3 /* Products */,
			);
			sourceTree = "<group>";
		};
		8303F02F2A6F7660002EC0B3 /* Products */ = {
			isa = PBXGroup;
			children = (
				8303F02E2A6F7660002EC0B3 /* ChartsDemo.app */,
			);
			name = Products;
			sourceTree = "<group>";
		};
		8303F0302A6F7660002EC0B3 /* ChartsDemo */ = {
			isa = PBXGroup;
			children = (
				DDDA74152A8E6F1600CCC408 /* Basics */,
				8303F0312A6F7660002EC0B3 /* ChartsDemoApp.swift */,
				8303F0332A6F7660002EC0B3 /* ContentView.swift */,
				8303F03F2A6F7697002EC0B3 /* DataPoint.swift */,
				8303F0352A6F7661002EC0B3 /* Assets.xcassets */,
				8303F0372A6F7661002EC0B3 /* Preview Content */,
			);
			path = ChartsDemo;
			sourceTree = "<group>";
		};
		8303F0372A6F7661002EC0B3 /* Preview Content */ = {
			isa = PBXGroup;
			children = (
				8303F0382A6F7661002EC0B3 /* Preview Assets.xcassets */,
			);
			path = "Preview Content";
			sourceTree = "<group>";
		};
		DDDA74152A8E6F1600CCC408 /* Basics */ = {
			isa = PBXGroup;
			children = (
				DDDA74232A92AA6200CCC408 /* chart types */,
				DDDA741C2A90F6A400CCC408 /* pet statistics */,
				DDDA74182A8E6FCD00CCC408 /* StaticChartView.swift */,
				DDDA741A2A8FC17F00CCC408 /* DynamicChartView.swift */,
			);
			path = Basics;
			sourceTree = "<group>";
		};
		DDDA741C2A90F6A400CCC408 /* pet statistics */ = {
			isa = PBXGroup;
			children = (
				DDDA741D2A90F6C100CCC408 /* PetData.swift */,
				DDDA74212A914C2600CCC408 /* PetStatisticsView.swift */,
			);
			path = "pet statistics";
			sourceTree = "<group>";
		};
		DDDA74232A92AA6200CCC408 /* chart types */ = {
			isa = PBXGroup;
			children = (
				DDDA74242A92AA9A00CCC408 /* BarChartView.swift */,
				DDDA742F2A93FF9F00CCC408 /* LineChartView.swift */,
				DDDA74312A9400BA00CCC408 /* PointChartView.swift */,
				DDDA74332A94010C00CCC408 /* AreaChartView.swift */,
			);
			path = "chart types";
			sourceTree = "<group>";
		};
/* End PBXGroup section */

/* Begin PBXNativeTarget section */
		8303F02D2A6F7660002EC0B3 /* ChartsDemo */ = {
			isa = PBXNativeTarget;
			buildConfigurationList = 8303F03C2A6F7661002EC0B3 /* Build configuration list for PBXNativeTarget "ChartsDemo" */;
			buildPhases = (
				8303F02A2A6F7660002EC0B3 /* Sources */,
				8303F02B2A6F7660002EC0B3 /* Frameworks */,
				8303F02C2A6F7660002EC0B3 /* Resources */,
			);
			buildRules = (
			);
			dependencies = (
			);
			name = ChartsDemo;
			productName = ChartsDemo;
			productReference = 8303F02E2A6F7660002EC0B3 /* ChartsDemo.app */;
			productType = "com.apple.product-type.application";
		};
/* End PBXNativeTarget section */

/* Begin PBXProject section */
		8303F0262A6F7660002EC0B3 /* Project object */ = {
			isa = PBXProject;
			attributes = {
				BuildIndependentTargetsInParallel = 1;
				LastSwiftUpdateCheck = 1430;
				LastUpgradeCheck = 1430;
				TargetAttributes = {
					8303F02D2A6F7660002EC0B3 = {
						CreatedOnToolsVersion = 14.3.1;
					};
				};
			};
			buildConfigurationList = 8303F0292A6F7660002EC0B3 /* Build configuration list for PBXProject "ChartsDemo" */;
			compatibilityVersion = "Xcode 14.0";
			developmentRegion = en;
			hasScannedForEncodings = 0;
			knownRegions = (
				en,
				Base,
			);
			mainGroup = 8303F0252A6F7660002EC0B3;
			productRefGroup = 8303F02F2A6F7660002EC0B3 /* Products */;
			projectDirPath = "";
			projectRoot = "";
			targets = (
				8303F02D2A6F7660002EC0B3 /* ChartsDemo */,
			);
		};
/* End PBXProject section */

/* Begin PBXResourcesBuildPhase section */
		8303F02C2A6F7660002EC0B3 /* Resources */ = {
			isa = PBXResourcesBuildPhase;
			buildActionMask = 2147483647;
			files = (
				8303F0392A6F7661002EC0B3 /* Preview Assets.xcassets in Resources */,
				8303F0362A6F7661002EC0B3 /* Assets.xcassets in Resources */,
			);
			runOnlyForDeploymentPostprocessing = 0;
		};
/* End PBXResourcesBuildPhase section */

/* Begin PBXSourcesBuildPhase section */
		8303F02A2A6F7660002EC0B3 /* Sources */ = {
			isa = PBXSourcesBuildPhase;
			buildActionMask = 2147483647;
			files = (
				8303F0402A6F7697002EC0B3 /* DataPoint.swift in Sources */,
				DDDA74342A94010C00CCC408 /* AreaChartView.swift in Sources */,
				DDDA74192A8E6FCD00CCC408 /* StaticChartView.swift in Sources */,
				8303F0342A6F7660002EC0B3 /* ContentView.swift in Sources */,
				DDDA741E2A90F6C100CCC408 /* PetData.swift in Sources */,
				DDDA741B2A8FC17F00CCC408 /* DynamicChartView.swift in Sources */,
				DDDA74302A93FF9F00CCC408 /* LineChartView.swift in Sources */,
				8303F0322A6F7660002EC0B3 /* ChartsDemoApp.swift in Sources */,
				DDDA74222A914C2600CCC408 /* PetStatisticsView.swift in Sources */,
				DDDA74322A9400BA00CCC408 /* PointChartView.swift in Sources */,
				DDDA74252A92AA9A00CCC408 /* BarChartView.swift in Sources */,
			);
			runOnlyForDeploymentPostprocessing = 0;
		};
/* End PBXSourcesBuildPhase section */

/* Begin XCBuildConfiguration section */
		8303F03A2A6F7661002EC0B3 /* Debug */ = {
			isa = XCBuildConfiguration;
			buildSettings = {
				ALWAYS_SEARCH_USER_PATHS = NO;
				CLANG_ANALYZER_NONNULL = YES;
				CLANG_ANALYZER_NUMBER_OBJECT_CONVERSION = YES_AGGRESSIVE;
				CLANG_CXX_LANGUAGE_STANDARD = "gnu++20";
				CLANG_ENABLE_MODULES = YES;
				CLANG_ENABLE_OBJC_ARC = YES;
				CLANG_ENABLE_OBJC_WEAK = YES;
				CLANG_WARN_BLOCK_CAPTURE_AUTORELEASING = YES;
				CLANG_WARN_BOOL_CONVERSION = YES;
				CLANG_WARN_COMMA = YES;
				CLANG_WARN_CONSTANT_CONVERSION = YES;
				CLANG_WARN_DEPRECATED_OBJC_IMPLEMENTATIONS = YES;
				CLANG_WARN_DIRECT_OBJC_ISA_USAGE = YES_ERROR;
				CLANG_WARN_DOCUMENTATION_COMMENTS = YES;
				CLANG_WARN_EMPTY_BODY = YES;
				CLANG_WARN_ENUM_CONVERSION = YES;
				CLANG_WARN_INFINITE_RECURSION = YES;
				CLANG_WARN_INT_CONVERSION = YES;
				CLANG_WARN_NON_LITERAL_NULL_CONVERSION = YES;
				CLANG_WARN_OBJC_IMPLICIT_RETAIN_SELF = YES;
				CLANG_WARN_OBJC_LITERAL_CONVERSION = YES;
				CLANG_WARN_OBJC_ROOT_CLASS = YES_ERROR;
				CLANG_WARN_QUOTED_INCLUDE_IN_FRAMEWORK_HEADER = YES;
				CLANG_WARN_RANGE_LOOP_ANALYSIS = YES;
				CLANG_WARN_STRICT_PROTOTYPES = YES;
				CLANG_WARN_SUSPICIOUS_MOVE = YES;
				CLANG_WARN_UNGUARDED_AVAILABILITY = YES_AGGRESSIVE;
				CLANG_WARN_UNREACHABLE_CODE = YES;
				CLANG_WARN__DUPLICATE_METHOD_MATCH = YES;
				COPY_PHASE_STRIP = NO;
				DEBUG_INFORMATION_FORMAT = dwarf;
				ENABLE_STRICT_OBJC_MSGSEND = YES;
				ENABLE_TESTABILITY = YES;
				GCC_C_LANGUAGE_STANDARD = gnu11;
				GCC_DYNAMIC_NO_PIC = NO;
				GCC_NO_COMMON_BLOCKS = YES;
				GCC_OPTIMIZATION_LEVEL = 0;
				GCC_PREPROCESSOR_DEFINITIONS = (
					"DEBUG=1",
					"$(inherited)",
				);
				GCC_WARN_64_TO_32_BIT_CONVERSION = YES;
				GCC_WARN_ABOUT_RETURN_TYPE = YES_ERROR;
				GCC_WARN_UNDECLARED_SELECTOR = YES;
				GCC_WARN_UNINITIALIZED_AUTOS = YES_AGGRESSIVE;
				GCC_WARN_UNUSED_FUNCTION = YES;
				GCC_WARN_UNUSED_VARIABLE = YES;
				IPHONEOS_DEPLOYMENT_TARGET = 16.4;
				MTL_ENABLE_DEBUG_INFO = INCLUDE_SOURCE;
				MTL_FAST_MATH = YES;
				ONLY_ACTIVE_ARCH = YES;
				SDKROOT = iphoneos;
				SWIFT_ACTIVE_COMPILATION_CONDITIONS = DEBUG;
				SWIFT_OPTIMIZATION_LEVEL = "-Onone";
			};
			name = Debug;
		};
		8303F03B2A6F7661002EC0B3 /* Release */ = {
			isa = XCBuildConfiguration;
			buildSettings = {
				ALWAYS_SEARCH_USER_PATHS = NO;
				CLANG_ANALYZER_NONNULL = YES;
				CLANG_ANALYZER_NUMBER_OBJECT_CONVERSION = YES_AGGRESSIVE;
				CLANG_CXX_LANGUAGE_STANDARD = "gnu++20";
				CLANG_ENABLE_MODULES = YES;
				CLANG_ENABLE_OBJC_ARC = YES;
				CLANG_ENABLE_OBJC_WEAK = YES;
				CLANG_WARN_BLOCK_CAPTURE_AUTORELEASING = YES;
				CLANG_WARN_BOOL_CONVERSION = YES;
				CLANG_WARN_COMMA = YES;
				CLANG_WARN_CONSTANT_CONVERSION = YES;
				CLANG_WARN_DEPRECATED_OBJC_IMPLEMENTATIONS = YES;
				CLANG_WARN_DIRECT_OBJC_ISA_USAGE = YES_ERROR;
				CLANG_WARN_DOCUMENTATION_COMMENTS = YES;
				CLANG_WARN_EMPTY_BODY = YES;
				CLANG_WARN_ENUM_CONVERSION = YES;
				CLANG_WARN_INFINITE_RECURSION = YES;
				CLANG_WARN_INT_CONVERSION = YES;
				CLANG_WARN_NON_LITERAL_NULL_CONVERSION = YES;
				CLANG_WARN_OBJC_IMPLICIT_RETAIN_SELF = YES;
				CLANG_WARN_OBJC_LITERAL_CONVERSION = YES;
				CLANG_WARN_OBJC_ROOT_CLASS = YES_ERROR;
				CLANG_WARN_QUOTED_INCLUDE_IN_FRAMEWORK_HEADER = YES;
				CLANG_WARN_RANGE_LOOP_ANALYSIS = YES;
				CLANG_WARN_STRICT_PROTOTYPES = YES;
				CLANG_WARN_SUSPICIOUS_MOVE = YES;
				CLANG_WARN_UNGUARDED_AVAILABILITY = YES_AGGRESSIVE;
				CLANG_WARN_UNREACHABLE_CODE = YES;
				CLANG_WARN__DUPLICATE_METHOD_MATCH = YES;
				COPY_PHASE_STRIP = NO;
				DEBUG_INFORMATION_FORMAT = "dwarf-with-dsym";
				ENABLE_NS_ASSERTIONS = NO;
				ENABLE_STRICT_OBJC_MSGSEND = YES;
				GCC_C_LANGUAGE_STANDARD = gnu11;
				GCC_NO_COMMON_BLOCKS = YES;
				GCC_WARN_64_TO_32_BIT_CONVERSION = YES;
				GCC_WARN_ABOUT_RETURN_TYPE = YES_ERROR;
				GCC_WARN_UNDECLARED_SELECTOR = YES;
				GCC_WARN_UNINITIALIZED_AUTOS = YES_AGGRESSIVE;
				GCC_WARN_UNUSED_FUNCTION = YES;
				GCC_WARN_UNUSED_VARIABLE = YES;
				IPHONEOS_DEPLOYMENT_TARGET = 16.4;
				MTL_ENABLE_DEBUG_INFO = NO;
				MTL_FAST_MATH = YES;
				SDKROOT = iphoneos;
				SWIFT_COMPILATION_MODE = wholemodule;
				SWIFT_OPTIMIZATION_LEVEL = "-O";
				VALIDATE_PRODUCT = YES;
			};
			name = Release;
		};
		8303F03D2A6F7661002EC0B3 /* Debug */ = {
			isa = XCBuildConfiguration;
			buildSettings = {
				ASSETCATALOG_COMPILER_APPICON_NAME = AppIcon;
				ASSETCATALOG_COMPILER_GLOBAL_ACCENT_COLOR_NAME = AccentColor;
				CODE_SIGN_STYLE = Automatic;
				CURRENT_PROJECT_VERSION = 1;
				DEVELOPMENT_ASSET_PATHS = "\"ChartsDemo/Preview Content\"";
				DEVELOPMENT_TEAM = C27ZJKWGN4;
				ENABLE_PREVIEWS = YES;
				GENERATE_INFOPLIST_FILE = YES;
				INFOPLIST_KEY_UIApplicationSceneManifest_Generation = YES;
				INFOPLIST_KEY_UIApplicationSupportsIndirectInputEvents = YES;
				INFOPLIST_KEY_UILaunchScreen_Generation = YES;
				INFOPLIST_KEY_UISupportedInterfaceOrientations_iPad = "UIInterfaceOrientationPortrait UIInterfaceOrientationPortraitUpsideDown UIInterfaceOrientationLandscapeLeft UIInterfaceOrientationLandscapeRight";
				INFOPLIST_KEY_UISupportedInterfaceOrientations_iPhone = "UIInterfaceOrientationPortrait UIInterfaceOrientationLandscapeLeft UIInterfaceOrientationLandscapeRight";
				LD_RUNPATH_SEARCH_PATHS = (
					"$(inherited)",
					"@executable_path/Frameworks",
				);
				MARKETING_VERSION = 1.0;
				PRODUCT_BUNDLE_IDENTIFIER = com.codewithchris.ChartsDemo;
				PRODUCT_NAME = "$(TARGET_NAME)";
				SWIFT_EMIT_LOC_STRINGS = YES;
				SWIFT_VERSION = 5.0;
				TARGETED_DEVICE_FAMILY = "1,2";
			};
			name = Debug;
		};
		8303F03E2A6F7661002EC0B3 /* Release */ = {
			isa = XCBuildConfiguration;
			buildSettings = {
				ASSETCATALOG_COMPILER_APPICON_NAME = AppIcon;
				ASSETCATALOG_COMPILER_GLOBAL_ACCENT_COLOR_NAME = AccentColor;
				CODE_SIGN_STYLE = Automatic;
				CURRENT_PROJECT_VERSION = 1;
				DEVELOPMENT_ASSET_PATHS = "\"ChartsDemo/Preview Content\"";
				DEVELOPMENT_TEAM = C27ZJKWGN4;
				ENABLE_PREVIEWS = YES;
				GENERATE_INFOPLIST_FILE = YES;
				INFOPLIST_KEY_UIApplicationSceneManifest_Generation = YES;
				INFOPLIST_KEY_UIApplicationSupportsIndirectInputEvents = YES;
				INFOPLIST_KEY_UILaunchScreen_Generation = YES;
				INFOPLIST_KEY_UISupportedInterfaceOrientations_iPad = "UIInterfaceOrientationPortrait UIInterfaceOrientationPortraitUpsideDown UIInterfaceOrientationLandscapeLeft UIInterfaceOrientationLandscapeRight";
				INFOPLIST_KEY_UISupportedInterfaceOrientations_iPhone = "UIInterfaceOrientationPortrait UIInterfaceOrientationLandscapeLeft UIInterfaceOrientationLandscapeRight";
				LD_RUNPATH_SEARCH_PATHS = (
					"$(inherited)",
					"@executable_path/Frameworks",
				);
				MARKETING_VERSION = 1.0;
				PRODUCT_BUNDLE_IDENTIFIER = com.codewithchris.ChartsDemo;
				PRODUCT_NAME = "$(TARGET_NAME)";
				SWIFT_EMIT_LOC_STRINGS = YES;
				SWIFT_VERSION = 5.0;
				TARGETED_DEVICE_FAMILY = "1,2";
			};
			name = Release;
		};
/* End XCBuildConfiguration section */

/* Begin XCConfigurationList section */
		8303F0292A6F7660002EC0B3 /* Build configuration list for PBXProject "ChartsDemo" */ = {
			isa = XCConfigurationList;
			buildConfigurations = (
				8303F03A2A6F7661002EC0B3 /* Debug */,
				8303F03B2A6F7661002EC0B3 /* Release */,
			);
			defaultConfigurationIsVisible = 0;
			defaultConfigurationName = Release;
		};
		8303F03C2A6F7661002EC0B3 /* Build configuration list for PBXNativeTarget "ChartsDemo" */ = {
			isa = XCConfigurationList;
			buildConfigurations = (
				8303F03D2A6F7661002EC0B3 /* Debug */,
				8303F03E2A6F7661002EC0B3 /* Release */,
			);
			defaultConfigurationIsVisible = 0;
			defaultConfigurationName = Release;
		};
/* End XCConfigurationList section */
	};
	rootObject = 8303F0262A6F7660002EC0B3 /* Project object */;
}
